github.com/inconshreveable/mousetrap v1.0.0 h1:Z8tu5sraLXCXIcARxBp/8cbvlwVa7Z1NHg9XEKhtSvM=
github.com/inconshreveable/mousetrap v1.0.0/go.mod h1:PxqpIevigyE2G7u3NXJIT2ANytuPF1OarO4DADm73n8=
github.com/pkg/errors v0.0.0-20161002052512-839d9e913e06 h1:gKQKvMjnwDvwtZxyd2HDEDNNMRkjbPN1V89eOLqovSU=
github.com/pkg/errors v0.0.0-20161002052512-839d9e913e06/go.mod h1:bwawxfHBFNV+L2hUp1rHADufV3IMtnDRdf1r5NINEl0=
github.com/spf13/cobra v0.0.0-20161115141605-6b74a60562f5 h1:aey+SOyuszdUQFuP3tH2z7dJSNsf1pHA3UVOPtVnFWY=
github.com/spf13/cobra v0.0.0-20161115141605-6b74a60562f5/go.mod h1:1l0Ry5zgKvJasoi3XT1TypsSe7PqH0Sj9dhYf7v3XqQ=
github.com/spf13/pflag v0.0.0-20161018230844-dabebe21bf79 h1:vOkrfGR5g/egzME+W/zkrDSkVF4pruR7fHbfF0+sHVw=
github.com/spf13/pflag v0.0.0-20161018230844-dabebe21bf79/go.mod h1:DYY7MBk1bdzusC3SYhjObp+wFpr4gzcvqqNjLnInEg4=
